{"1.2.0",
[{<<"backoff">>,{pkg,<<"backoff">>,<<"1.1.6">>},0},
 {<<"epgsql">>,{pkg,<<"epgsql">>,<<"4.7.1">>},1},
 {<<"erlandono">>,{pkg,<<"erlandono">>,<<"3.1.3">>},1},
 {<<"fs">>,{pkg,<<"fs">>,<<"11.4.1">>},1},
 {<<"migraterl">>,{pkg,<<"migraterl">>,<<"0.5.0">>},0},
 {<<"opentelemetry_api">>,{pkg,<<"opentelemetry_api">>,<<"1.5.0">>},1},
 {<<"pg_types">>,{pkg,<<"pg_types">>,<<"0.6.0">>},1},
 {<<"pgo">>,{pkg,<<"pgo">>,<<"0.20.0">>},0},
 {<<"worker_pool">>,{pkg,<<"worker_pool">>,<<"6.5.3">>},0}]}.
[
{pkg_hash,[
 {<<"backoff">>, <<"83B72ED2108BA1EE8F7D1C22E0B4A00CFE3593A67DBC792799E8CCE9F42F796B">>},
 {<<"epgsql">>, <<"D4E47CAE46C18C8AFA88E34D59A9B4BAE16368D7CE1EB3DA24FA755EB28393EB">>},
 {<<"erlandono">>, <<"8B5562D3DDC3A89EB513973D727B585513DC0A3A95E65A0E343957DD0ED655B9">>},
 {<<"fs">>, <<"11FB3153BB2E1DE851B8263BB5698D526894853C73A525EBEB5E69108B2D25CD">>},
 {<<"migraterl">>, <<"36EB6B76B870D347F98D7CD804B4B8F81C7AA3916A910DF9E90C4C7CFF5CC14D">>},
 {<<"opentelemetry_api">>, <<"1A676F3E3340CAB81C763E939A42E11A70C22863F645AA06AAFEFC689B5550CF">>},
 {<<"pg_types">>, <<"B530C56330A59288BE49CDD27739EC025B6E877A475AE70BF95B04F1E3A817C4">>},
 {<<"pgo">>, <<"4F4A1FCB0A4894311BE238195BDAD4DF80312AB091DB87FE5348FAFA4DA75F87">>},
 {<<"worker_pool">>, <<"C73849E313896FF6329B15DBAA0C432439BB22E0AC5228CF898915925ECEDBB8">>}]},
{pkg_hash_ext,[
 {<<"backoff">>, <<"CF0CFFF8995FB20562F822E5CC47D8CCF664C5ECDC26A684CBE85C225F9D7C39">>},
 {<<"epgsql">>, <<"B6D86B7DC42C8555B1D4E20880E5099D6D6D053148000E188E548F98E4E01836">>},
 {<<"erlandono">>, <<"2BFCAF659C0032C5B5CEFD482EBBDBA21AB201D1579A54485E09195FC2092577">>},
 {<<"fs">>, <<"DD00A61D89EAC01D16D3FC51D5B0EB5F0722EF8E3C1A3A547CD086957F3260A9">>},
 {<<"migraterl">>, <<"FCED70165406C3F4D2B371A32F2BDA038A78B5335536E2B903059C1F2E6B48C7">>},
 {<<"opentelemetry_api">>, <<"F53EC8A1337AE4A487D43AC89DA4BD3A3C99DDF576655D071DEED8B56A2D5DDA">>},
 {<<"pg_types">>, <<"9949A4849DD13408FA249AB7B745E0D2DFDB9532AEE2B9722326E33CD082A778">>},
 {<<"pgo">>, <<"2F11E6649CEB38E569EF56B16BE1D04874AE5B11A02867080A2817CE423C683B">>},
 {<<"worker_pool">>, <<"BE6D63225C4BB538FBDDBAC38947C5DEF51B14FBF90B13CD9CF0C3349484FB73">>}]}
].
